
Microsoft Visual Studio Solution File, Format Version 12.00
# Visual Studio Version 17
VisualStudioVersion = 17.5.33516.290
MinimumVisualStudioVersion = 10.0.40219.1
Project("{FAE04EC0-301F-11D3-BF4B-00C04F79EFBC}") = "course_work_polyclinic_Afonin_c#", "course_work_polyclinic_Afonin_c#\course_work_polyclinic_Afonin_c#.csproj", "{E5ED5FF1-CC58-4FEA-84FA-4048EA0AB249}"
EndProject
Global
	GlobalSection(SolutionConfigurationPlatforms) = preSolution
		Debug|Any CPU = Debug|Any CPU
		Release|Any CPU = Release|Any CPU
	EndGlobalSection
	GlobalSection(ProjectConfigurationPlatforms) = postSolution
		{E5ED5FF1-CC58-4FEA-84FA-4048EA0AB249}.Debug|Any CPU.ActiveCfg = Debug|Any CPU
		{E5ED5FF1-CC58-4FEA-84FA-4048EA0AB249}.Debug|Any CPU.Build.0 = Debug|Any CPU
		{E5ED5FF1-CC58-4FEA-84FA-4048EA0AB249}.Release|Any CPU.ActiveCfg = Release|Any CPU
		{E5ED5FF1-CC58-4FEA-84FA-4048EA0AB249}.Release|Any CPU.Build.0 = Release|Any CPU
	EndGlobalSection
	GlobalSection(SolutionProperties) = preSolution
		HideSolutionNode = FALSE
	EndGlobalSection
	GlobalSection(ExtensibilityGlobals) = postSolution
		SolutionGuid = {D3F29E84-4D39-4AD8-81D4-0AE1EB8196A7}
	EndGlobalSection
EndGlobal
